// !$*UTF8*$!
{
	archiveVersion = 1;
	classes = {
	};
	objectVersion = 56;
	objects = {

/* Begin PBXBuildFile section */
		11C8D2192945B37E0082F8B0 /* AppDelegate.swift in Sources */ = {isa = PBXBuildFile; fileRef = 11C8D2182945B37E0082F8B0 /* AppDelegate.swift */; };
		11C8D21B2945B37E0082F8B0 /* SceneDelegate.swift in Sources */ = {isa = PBXBuildFile; fileRef = 11C8D21A2945B37E0082F8B0 /* SceneDelegate.swift */; };
		11C8D2222945B3810082F8B0 /* Assets.xcassets in Resources */ = {isa = PBXBuildFile; fileRef = 11C8D2212945B3810082F8B0 /* Assets.xcassets */; };
		11C8D2252945B3810082F8B0 /* LaunchScreen.storyboard in Resources */ = {isa = PBXBuildFile; fileRef = 11C8D2232945B3810082F8B0 /* LaunchScreen.storyboard */; };
		11C8D2342945B51A0082F8B0 /* HomeViewController.swift in Sources */ = {isa = PBXBuildFile; fileRef = 11C8D2322945B51A0082F8B0 /* HomeViewController.swift */; };
		11C8D2352945B51A0082F8B0 /* HomeViewController.xib in Resources */ = {isa = PBXBuildFile; fileRef = 11C8D2332945B51A0082F8B0 /* HomeViewController.xib */; };
		11C8D2392945BB580082F8B0 /* LoginViewController.swift in Sources */ = {isa = PBXBuildFile; fileRef = 11C8D2372945BB580082F8B0 /* LoginViewController.swift */; };
		11C8D23A2945BB580082F8B0 /* LoginViewController.xib in Resources */ = {isa = PBXBuildFile; fileRef = 11C8D2382945BB580082F8B0 /* LoginViewController.xib */; };
		11C8D23F2945BC150082F8B0 /* UIColor.swift in Sources */ = {isa = PBXBuildFile; fileRef = 11C8D23C2945BC150082F8B0 /* UIColor.swift */; };
		11C8D2402945BC150082F8B0 /* UIViewController.swift in Sources */ = {isa = PBXBuildFile; fileRef = 11C8D23D2945BC150082F8B0 /* UIViewController.swift */; };
		11C8D2492945BC620082F8B0 /* CButton.swift in Sources */ = {isa = PBXBuildFile; fileRef = 11C8D2442945BC620082F8B0 /* CButton.swift */; };
		11C8D24A2945BC620082F8B0 /* CView.swift in Sources */ = {isa = PBXBuildFile; fileRef = 11C8D2452945BC620082F8B0 /* CView.swift */; };
		11C8D24C2945BC620082F8B0 /* CImageView.swift in Sources */ = {isa = PBXBuildFile; fileRef = 11C8D2472945BC620082F8B0 /* CImageView.swift */; };
		11C8D24E2945E3CE0082F8B0 /* EmailRepository.swift in Sources */ = {isa = PBXBuildFile; fileRef = 11C8D24D2945E3CE0082F8B0 /* EmailRepository.swift */; };
		11C8D2512945E6150082F8B0 /* Domain.swift in Sources */ = {isa = PBXBuildFile; fileRef = 11C8D2502945E6150082F8B0 /* Domain.swift */; };
		11C8D2542945E6B80082F8B0 /* DomainDTO.swift in Sources */ = {isa = PBXBuildFile; fileRef = 11C8D2532945E6B80082F8B0 /* DomainDTO.swift */; };
		11C8D2572945E80D0082F8B0 /* Date.swift in Sources */ = {isa = PBXBuildFile; fileRef = 11C8D2562945E80D0082F8B0 /* Date.swift */; };
		11C8D2602945F5160082F8B0 /* Alamofire in Frameworks */ = {isa = PBXBuildFile; productRef = 11C8D25F2945F5160082F8B0 /* Alamofire */; };
		11C8D2622945F7250082F8B0 /* NetworkHandler.swift in Sources */ = {isa = PBXBuildFile; fileRef = 11C8D2612945F7250082F8B0 /* NetworkHandler.swift */; };
		11C8D2642945FA0E0082F8B0 /* EmailRepositoryIMP.swift in Sources */ = {isa = PBXBuildFile; fileRef = 11C8D2632945FA0E0082F8B0 /* EmailRepositoryIMP.swift */; };
		11C8D2662945FB7F0082F8B0 /* APIConstans.swift in Sources */ = {isa = PBXBuildFile; fileRef = 11C8D2652945FB7F0082F8B0 /* APIConstans.swift */; };
		11C8D268294602A60082F8B0 /* DomainsDTO.swift in Sources */ = {isa = PBXBuildFile; fileRef = 11C8D267294602A60082F8B0 /* DomainsDTO.swift */; };
		11C8D26A294608110082F8B0 /* Data.swift in Sources */ = {isa = PBXBuildFile; fileRef = 11C8D269294608110082F8B0 /* Data.swift */; };
		11C8D26C29463A530082F8B0 /* Account.swift in Sources */ = {isa = PBXBuildFile; fileRef = 11C8D26B29463A530082F8B0 /* Account.swift */; };
		11C8D26E29463AD20082F8B0 /* AccountDTO.swift in Sources */ = {isa = PBXBuildFile; fileRef = 11C8D26D29463AD20082F8B0 /* AccountDTO.swift */; };
		11C8D270294643CB0082F8B0 /* Token.swift in Sources */ = {isa = PBXBuildFile; fileRef = 11C8D26F294643CA0082F8B0 /* Token.swift */; };
		11C8D272294644180082F8B0 /* TokenDTO.swift in Sources */ = {isa = PBXBuildFile; fileRef = 11C8D271294644180082F8B0 /* TokenDTO.swift */; };
		11C8D27529464FFE0082F8B0 /* GetTokenStatus.swift in Sources */ = {isa = PBXBuildFile; fileRef = 11C8D27429464FFE0082F8B0 /* GetTokenStatus.swift */; };
		11C8D277294652BF0082F8B0 /* Constants.swift in Sources */ = {isa = PBXBuildFile; fileRef = 11C8D276294652BF0082F8B0 /* Constants.swift */; };
		11C8D279294661710082F8B0 /* Message.swift in Sources */ = {isa = PBXBuildFile; fileRef = 11C8D278294661710082F8B0 /* Message.swift */; };
		11C8D27B29466A7F0082F8B0 /* Person.swift in Sources */ = {isa = PBXBuildFile; fileRef = 11C8D27A29466A7F0082F8B0 /* Person.swift */; };
		11C8D27D29466BAF0082F8B0 /* PersonDTO.swift in Sources */ = {isa = PBXBuildFile; fileRef = 11C8D27C29466BAF0082F8B0 /* PersonDTO.swift */; };
		11C8D27F29466BEB0082F8B0 /* MessageDTO.swift in Sources */ = {isa = PBXBuildFile; fileRef = 11C8D27E29466BEB0082F8B0 /* MessageDTO.swift */; };
		11C8D28129466C780082F8B0 /* MessagesDTO.swift in Sources */ = {isa = PBXBuildFile; fileRef = 11C8D28029466C780082F8B0 /* MessagesDTO.swift */; };
		11C8D285294683CA0082F8B0 /* LoginViewModel.swift in Sources */ = {isa = PBXBuildFile; fileRef = 11C8D284294683CA0082F8B0 /* LoginViewModel.swift */; };
		11C8D289294689620082F8B0 /* SignUpViewController.swift in Sources */ = {isa = PBXBuildFile; fileRef = 11C8D287294689620082F8B0 /* SignUpViewController.swift */; };
		11C8D28A294689620082F8B0 /* SignUpViewController.xib in Resources */ = {isa = PBXBuildFile; fileRef = 11C8D288294689620082F8B0 /* SignUpViewController.xib */; };
		11C8D28C294689A20082F8B0 /* SignUpViewModel.swift in Sources */ = {isa = PBXBuildFile; fileRef = 11C8D28B294689A20082F8B0 /* SignUpViewModel.swift */; };
		11C8D28E29468D750082F8B0 /* DomainVM.swift in Sources */ = {isa = PBXBuildFile; fileRef = 11C8D28D29468D750082F8B0 /* DomainVM.swift */; };
/* End PBXBuildFile section */

/* Begin PBXFileReference section */
		11C8D2152945B37E0082F8B0 /* Ampada.app */ = {isa = PBXFileReference; explicitFileType = wrapper.application; includeInIndex = 0; path = Ampada.app; sourceTree = BUILT_PRODUCTS_DIR; };
		11C8D2182945B37E0082F8B0 /* AppDelegate.swift */ = {isa = PBXFileReference; lastKnownFileType = sourcecode.swift; path = AppDelegate.swift; sourceTree = "<group>"; };
		11C8D21A2945B37E0082F8B0 /* SceneDelegate.swift */ = {isa = PBXFileReference; lastKnownFileType = sourcecode.swift; path = SceneDelegate.swift; sourceTree = "<group>"; };
		11C8D2212945B3810082F8B0 /* Assets.xcassets */ = {isa = PBXFileReference; lastKnownFileType = folder.assetcatalog; path = Assets.xcassets; sourceTree = "<group>"; };
		11C8D2242945B3810082F8B0 /* Base */ = {isa = PBXFileReference; lastKnownFileType = file.storyboard; name = Base; path = Base.lproj/LaunchScreen.storyboard; sourceTree = "<group>"; };
		11C8D2262945B3810082F8B0 /* Info.plist */ = {isa = PBXFileReference; lastKnownFileType = text.plist.xml; path = Info.plist; sourceTree = "<group>"; };
		11C8D2322945B51A0082F8B0 /* HomeViewController.swift */ = {isa = PBXFileReference; lastKnownFileType = sourcecode.swift; path = HomeViewController.swift; sourceTree = "<group>"; };
		11C8D2332945B51A0082F8B0 /* HomeViewController.xib */ = {isa = PBXFileReference; lastKnownFileType = file.xib; path = HomeViewController.xib; sourceTree = "<group>"; };
		11C8D2372945BB580082F8B0 /* LoginViewController.swift */ = {isa = PBXFileReference; lastKnownFileType = sourcecode.swift; path = LoginViewController.swift; sourceTree = "<group>"; };
		11C8D2382945BB580082F8B0 /* LoginViewController.xib */ = {isa = PBXFileReference; lastKnownFileType = file.xib; path = LoginViewController.xib; sourceTree = "<group>"; };
		11C8D23C2945BC150082F8B0 /* UIColor.swift */ = {isa = PBXFileReference; fileEncoding = 4; lastKnownFileType = sourcecode.swift; path = UIColor.swift; sourceTree = "<group>"; };
		11C8D23D2945BC150082F8B0 /* UIViewController.swift */ = {isa = PBXFileReference; fileEncoding = 4; lastKnownFileType = sourcecode.swift; path = UIViewController.swift; sourceTree = "<group>"; };
		11C8D2442945BC620082F8B0 /* CButton.swift */ = {isa = PBXFileReference; fileEncoding = 4; lastKnownFileType = sourcecode.swift; path = CButton.swift; sourceTree = "<group>"; };
		11C8D2452945BC620082F8B0 /* CView.swift */ = {isa = PBXFileReference; fileEncoding = 4; lastKnownFileType = sourcecode.swift; path = CView.swift; sourceTree = "<group>"; };
		11C8D2472945BC620082F8B0 /* CImageView.swift */ = {isa = PBXFileReference; fileEncoding = 4; lastKnownFileType = sourcecode.swift; path = CImageView.swift; sourceTree = "<group>"; };
		11C8D24D2945E3CE0082F8B0 /* EmailRepository.swift */ = {isa = PBXFileReference; lastKnownFileType = sourcecode.swift; path = EmailRepository.swift; sourceTree = "<group>"; };
		11C8D2502945E6150082F8B0 /* Domain.swift */ = {isa = PBXFileReference; lastKnownFileType = sourcecode.swift; path = Domain.swift; sourceTree = "<group>"; };
		11C8D2532945E6B80082F8B0 /* DomainDTO.swift */ = {isa = PBXFileReference; lastKnownFileType = sourcecode.swift; path = DomainDTO.swift; sourceTree = "<group>"; };
		11C8D2562945E80D0082F8B0 /* Date.swift */ = {isa = PBXFileReference; lastKnownFileType = sourcecode.swift; path = Date.swift; sourceTree = "<group>"; };
		11C8D2612945F7250082F8B0 /* NetworkHandler.swift */ = {isa = PBXFileReference; lastKnownFileType = sourcecode.swift; path = NetworkHandler.swift; sourceTree = "<group>"; };
		11C8D2632945FA0E0082F8B0 /* EmailRepositoryIMP.swift */ = {isa = PBXFileReference; lastKnownFileType = sourcecode.swift; path = EmailRepositoryIMP.swift; sourceTree = "<group>"; };
		11C8D2652945FB7F0082F8B0 /* APIConstans.swift */ = {isa = PBXFileReference; lastKnownFileType = sourcecode.swift; path = APIConstans.swift; sourceTree = "<group>"; };
		11C8D267294602A60082F8B0 /* DomainsDTO.swift */ = {isa = PBXFileReference; lastKnownFileType = sourcecode.swift; path = DomainsDTO.swift; sourceTree = "<group>"; };
		11C8D269294608110082F8B0 /* Data.swift */ = {isa = PBXFileReference; lastKnownFileType = sourcecode.swift; path = Data.swift; sourceTree = "<group>"; };
		11C8D26B29463A530082F8B0 /* Account.swift */ = {isa = PBXFileReference; lastKnownFileType = sourcecode.swift; path = Account.swift; sourceTree = "<group>"; };
		11C8D26D29463AD20082F8B0 /* AccountDTO.swift */ = {isa = PBXFileReference; lastKnownFileType = sourcecode.swift; path = AccountDTO.swift; sourceTree = "<group>"; };
		11C8D26F294643CA0082F8B0 /* Token.swift */ = {isa = PBXFileReference; lastKnownFileType = sourcecode.swift; path = Token.swift; sourceTree = "<group>"; };
		11C8D271294644180082F8B0 /* TokenDTO.swift */ = {isa = PBXFileReference; lastKnownFileType = sourcecode.swift; path = TokenDTO.swift; sourceTree = "<group>"; };
		11C8D27429464FFE0082F8B0 /* GetTokenStatus.swift */ = {isa = PBXFileReference; lastKnownFileType = sourcecode.swift; path = GetTokenStatus.swift; sourceTree = "<group>"; };
		11C8D276294652BF0082F8B0 /* Constants.swift */ = {isa = PBXFileReference; lastKnownFileType = sourcecode.swift; path = Constants.swift; sourceTree = "<group>"; };
		11C8D278294661710082F8B0 /* Message.swift */ = {isa = PBXFileReference; lastKnownFileType = sourcecode.swift; path = Message.swift; sourceTree = "<group>"; };
		11C8D27A29466A7F0082F8B0 /* Person.swift */ = {isa = PBXFileReference; lastKnownFileType = sourcecode.swift; path = Person.swift; sourceTree = "<group>"; };
		11C8D27C29466BAF0082F8B0 /* PersonDTO.swift */ = {isa = PBXFileReference; lastKnownFileType = sourcecode.swift; path = PersonDTO.swift; sourceTree = "<group>"; };
		11C8D27E29466BEB0082F8B0 /* MessageDTO.swift */ = {isa = PBXFileReference; lastKnownFileType = sourcecode.swift; path = MessageDTO.swift; sourceTree = "<group>"; };
		11C8D28029466C780082F8B0 /* MessagesDTO.swift */ = {isa = PBXFileReference; lastKnownFileType = sourcecode.swift; path = MessagesDTO.swift; sourceTree = "<group>"; };
		11C8D284294683CA0082F8B0 /* LoginViewModel.swift */ = {isa = PBXFileReference; lastKnownFileType = sourcecode.swift; path = LoginViewModel.swift; sourceTree = "<group>"; };
		11C8D287294689620082F8B0 /* SignUpViewController.swift */ = {isa = PBXFileReference; lastKnownFileType = sourcecode.swift; path = SignUpViewController.swift; sourceTree = "<group>"; };
		11C8D288294689620082F8B0 /* SignUpViewController.xib */ = {isa = PBXFileReference; lastKnownFileType = file.xib; path = SignUpViewController.xib; sourceTree = "<group>"; };
		11C8D28B294689A20082F8B0 /* SignUpViewModel.swift */ = {isa = PBXFileReference; lastKnownFileType = sourcecode.swift; path = SignUpViewModel.swift; sourceTree = "<group>"; };
		11C8D28D29468D750082F8B0 /* DomainVM.swift */ = {isa = PBXFileReference; lastKnownFileType = sourcecode.swift; path = DomainVM.swift; sourceTree = "<group>"; };
/* End PBXFileReference section */

/* Begin PBXFrameworksBuildPhase section */
		11C8D2122945B37E0082F8B0 /* Frameworks */ = {
			isa = PBXFrameworksBuildPhase;
			buildActionMask = 2147483647;
			files = (
				11C8D2602945F5160082F8B0 /* Alamofire in Frameworks */,
			);
			runOnlyForDeploymentPostprocessing = 0;
		};
/* End PBXFrameworksBuildPhase section */

/* Begin PBXGroup section */
		11C8D20C2945B37E0082F8B0 = {
			isa = PBXGroup;
			children = (
				11C8D2172945B37E0082F8B0 /* Ampada */,
				11C8D2162945B37E0082F8B0 /* Products */,
			);
			sourceTree = "<group>";
		};
		11C8D2162945B37E0082F8B0 /* Products */ = {
			isa = PBXGroup;
			children = (
				11C8D2152945B37E0082F8B0 /* Ampada.app */,
			);
			name = Products;
			sourceTree = "<group>";
		};
		11C8D2172945B37E0082F8B0 /* Ampada */ = {
			isa = PBXGroup;
			children = (
				11C8D22C2945B3F40082F8B0 /* View */,
				11C8D22D2945B4070082F8B0 /* Domain */,
				11C8D22E2945B4160082F8B0 /* Data */,
				11C8D2262945B3810082F8B0 /* Info.plist */,
			);
			path = Ampada;
			sourceTree = "<group>";
		};
		11C8D22C2945B3F40082F8B0 /* View */ = {
			isa = PBXGroup;
			children = (
				11C8D2212945B3810082F8B0 /* Assets.xcassets */,
				11C8D2232945B3810082F8B0 /* LaunchScreen.storyboard */,
				11C8D2182945B37E0082F8B0 /* AppDelegate.swift */,
				11C8D21A2945B37E0082F8B0 /* SceneDelegate.swift */,
				11C8D22F2945B4B70082F8B0 /* Views */,
				11C8D2302945B4C10082F8B0 /* VIewModels */,
				11C8D23B2945BC150082F8B0 /* Extension */,
				11C8D2422945BC620082F8B0 /* Components */,
			);
			path = View;
			sourceTree = "<group>";
		};
		11C8D22D2945B4070082F8B0 /* Domain */ = {
			isa = PBXGroup;
			children = (
				11C8D24F2945E6010082F8B0 /* Model */,
				11C8D27329464FEB0082F8B0 /* Enum */,
				11C8D2552945E7F50082F8B0 /* Extension */,
				11C8D24D2945E3CE0082F8B0 /* EmailRepository.swift */,
				11C8D276294652BF0082F8B0 /* Constants.swift */,
			);
			path = Domain;
			sourceTree = "<group>";
		};
		11C8D22E2945B4160082F8B0 /* Data */ = {
			isa = PBXGroup;
			children = (
				11C8D2652945FB7F0082F8B0 /* APIConstans.swift */,
				11C8D2632945FA0E0082F8B0 /* EmailRepositoryIMP.swift */,
				11C8D2612945F7250082F8B0 /* NetworkHandler.swift */,
				11C8D2522945E68F0082F8B0 /* Model */,
			);
			path = Data;
			sourceTree = "<group>";
		};
		11C8D22F2945B4B70082F8B0 /* Views */ = {
			isa = PBXGroup;
			children = (
				11C8D2862946894B0082F8B0 /* SignUp */,
				11C8D2362945BB4B0082F8B0 /* Login */,
				11C8D2312945B4FC0082F8B0 /* Home */,
			);
			path = Views;
			sourceTree = "<group>";
		};
		11C8D2302945B4C10082F8B0 /* VIewModels */ = {
			isa = PBXGroup;
			children = (
				11C8D28D29468D750082F8B0 /* DomainVM.swift */,
			);
			path = VIewModels;
			sourceTree = "<group>";
		};
		11C8D2312945B4FC0082F8B0 /* Home */ = {
			isa = PBXGroup;
			children = (
				11C8D2322945B51A0082F8B0 /* HomeViewController.swift */,
				11C8D2332945B51A0082F8B0 /* HomeViewController.xib */,
			);
			path = Home;
			sourceTree = "<group>";
		};
		11C8D2362945BB4B0082F8B0 /* Login */ = {
			isa = PBXGroup;
			children = (
				11C8D2372945BB580082F8B0 /* LoginViewController.swift */,
				11C8D2382945BB580082F8B0 /* LoginViewController.xib */,
				11C8D284294683CA0082F8B0 /* LoginViewModel.swift */,
			);
			path = Login;
			sourceTree = "<group>";
		};
		11C8D23B2945BC150082F8B0 /* Extension */ = {
			isa = PBXGroup;
			children = (
				11C8D23C2945BC150082F8B0 /* UIColor.swift */,
				11C8D23D2945BC150082F8B0 /* UIViewController.swift */,
			);
			path = Extension;
			sourceTree = "<group>";
		};
		11C8D2422945BC620082F8B0 /* Components */ = {
			isa = PBXGroup;
			children = (
				11C8D2442945BC620082F8B0 /* CButton.swift */,
				11C8D2452945BC620082F8B0 /* CView.swift */,
				11C8D2472945BC620082F8B0 /* CImageView.swift */,
			);
			path = Components;
			sourceTree = "<group>";
		};
		11C8D24F2945E6010082F8B0 /* Model */ = {
			isa = PBXGroup;
			children = (
				11C8D2502945E6150082F8B0 /* Domain.swift */,
				11C8D26B29463A530082F8B0 /* Account.swift */,
				11C8D26F294643CA0082F8B0 /* Token.swift */,
				11C8D27A29466A7F0082F8B0 /* Person.swift */,
				11C8D278294661710082F8B0 /* Message.swift */,
			);
			path = Model;
			sourceTree = "<group>";
		};
		11C8D2522945E68F0082F8B0 /* Model */ = {
			isa = PBXGroup;
			children = (
				11C8D2532945E6B80082F8B0 /* DomainDTO.swift */,
				11C8D267294602A60082F8B0 /* DomainsDTO.swift */,
				11C8D26D29463AD20082F8B0 /* AccountDTO.swift */,
				11C8D271294644180082F8B0 /* TokenDTO.swift */,
				11C8D27C29466BAF0082F8B0 /* PersonDTO.swift */,
				11C8D27E29466BEB0082F8B0 /* MessageDTO.swift */,
				11C8D28029466C780082F8B0 /* MessagesDTO.swift */,
			);
			path = Model;
			sourceTree = "<group>";
		};
		11C8D2552945E7F50082F8B0 /* Extension */ = {
			isa = PBXGroup;
			children = (
				11C8D2562945E80D0082F8B0 /* Date.swift */,
				11C8D269294608110082F8B0 /* Data.swift */,
			);
			path = Extension;
			sourceTree = "<group>";
		};
		11C8D27329464FEB0082F8B0 /* Enum */ = {
			isa = PBXGroup;
			children = (
				11C8D27429464FFE0082F8B0 /* GetTokenStatus.swift */,
			);
			path = Enum;
			sourceTree = "<group>";
		};
		11C8D2862946894B0082F8B0 /* SignUp */ = {
			isa = PBXGroup;
			children = (
				11C8D287294689620082F8B0 /* SignUpViewController.swift */,
				11C8D288294689620082F8B0 /* SignUpViewController.xib */,
				11C8D28B294689A20082F8B0 /* SignUpViewModel.swift */,
			);
			path = SignUp;
			sourceTree = "<group>";
		};
/* End PBXGroup section */

/* Begin PBXNativeTarget section */
		11C8D2142945B37E0082F8B0 /* Ampada */ = {
			isa = PBXNativeTarget;
			buildConfigurationList = 11C8D2292945B3810082F8B0 /* Build configuration list for PBXNativeTarget "Ampada" */;
			buildPhases = (
				11C8D2112945B37E0082F8B0 /* Sources */,
				11C8D2122945B37E0082F8B0 /* Frameworks */,
				11C8D2132945B37E0082F8B0 /* Resources */,
			);
			buildRules = (
			);
			dependencies = (
			);
			name = Ampada;
			packageProductDependencies = (
				11C8D25F2945F5160082F8B0 /* Alamofire */,
			);
			productName = Ampada;
			productReference = 11C8D2152945B37E0082F8B0 /* Ampada.app */;
			productType = "com.apple.product-type.application";
		};
/* End PBXNativeTarget section */

/* Begin PBXProject section */
		11C8D20D2945B37E0082F8B0 /* Project object */ = {
			isa = PBXProject;
			attributes = {
				BuildIndependentTargetsInParallel = 1;
				LastSwiftUpdateCheck = 1410;
				LastUpgradeCheck = 1410;
				TargetAttributes = {
					11C8D2142945B37E0082F8B0 = {
						CreatedOnToolsVersion = 14.1;
					};
				};
			};
			buildConfigurationList = 11C8D2102945B37E0082F8B0 /* Build configuration list for PBXProject "Ampada" */;
			compatibilityVersion = "Xcode 14.0";
			developmentRegion = en;
			hasScannedForEncodings = 0;
			knownRegions = (
				en,
				Base,
			);
			mainGroup = 11C8D20C2945B37E0082F8B0;
			packageReferences = (
				11C8D25E2945F5160082F8B0 /* XCRemoteSwiftPackageReference "Alamofire" */,
			);
			productRefGroup = 11C8D2162945B37E0082F8B0 /* Products */;
			projectDirPath = "";
			projectRoot = "";
			targets = (
				11C8D2142945B37E0082F8B0 /* Ampada */,
			);
		};
/* End PBXProject section */

/* Begin PBXResourcesBuildPhase section */
		11C8D2132945B37E0082F8B0 /* Resources */ = {
			isa = PBXResourcesBuildPhase;
			buildActionMask = 2147483647;
			files = (
				11C8D28A294689620082F8B0 /* SignUpViewController.xib in Resources */,
				11C8D23A2945BB580082F8B0 /* LoginViewController.xib in Resources */,
				11C8D2252945B3810082F8B0 /* LaunchScreen.storyboard in Resources */,
				11C8D2222945B3810082F8B0 /* Assets.xcassets in Resources */,
				11C8D2352945B51A0082F8B0 /* HomeViewController.xib in Resources */,
			);
			runOnlyForDeploymentPostprocessing = 0;
		};
/* End PBXResourcesBuildPhase section */

/* Begin PBXSourcesBuildPhase section */
		11C8D2112945B37E0082F8B0 /* Sources */ = {
			isa = PBXSourcesBuildPhase;
			buildActionMask = 2147483647;
			files = (
				11C8D2542945E6B80082F8B0 /* DomainDTO.swift in Sources */,
				11C8D26E29463AD20082F8B0 /* AccountDTO.swift in Sources */,
				11C8D28E29468D750082F8B0 /* DomainVM.swift in Sources */,
				11C8D2662945FB7F0082F8B0 /* APIConstans.swift in Sources */,
				11C8D2642945FA0E0082F8B0 /* EmailRepositoryIMP.swift in Sources */,
				11C8D27529464FFE0082F8B0 /* GetTokenStatus.swift in Sources */,
				11C8D24C2945BC620082F8B0 /* CImageView.swift in Sources */,
				11C8D24E2945E3CE0082F8B0 /* EmailRepository.swift in Sources */,
				11C8D26C29463A530082F8B0 /* Account.swift in Sources */,
				11C8D270294643CB0082F8B0 /* Token.swift in Sources */,
				11C8D279294661710082F8B0 /* Message.swift in Sources */,
				11C8D289294689620082F8B0 /* SignUpViewController.swift in Sources */,
				11C8D2392945BB580082F8B0 /* LoginViewController.swift in Sources */,
				11C8D2192945B37E0082F8B0 /* AppDelegate.swift in Sources */,
				11C8D272294644180082F8B0 /* TokenDTO.swift in Sources */,
				11C8D27B29466A7F0082F8B0 /* Person.swift in Sources */,
				11C8D268294602A60082F8B0 /* DomainsDTO.swift in Sources */,
				11C8D28129466C780082F8B0 /* MessagesDTO.swift in Sources */,
				11C8D285294683CA0082F8B0 /* LoginViewModel.swift in Sources */,
				11C8D2402945BC150082F8B0 /* UIViewController.swift in Sources */,
				11C8D21B2945B37E0082F8B0 /* SceneDelegate.swift in Sources */,
				11C8D2622945F7250082F8B0 /* NetworkHandler.swift in Sources */,
				11C8D277294652BF0082F8B0 /* Constants.swift in Sources */,
				11C8D27F29466BEB0082F8B0 /* MessageDTO.swift in Sources */,
				11C8D2342945B51A0082F8B0 /* HomeViewController.swift in Sources */,
				11C8D2572945E80D0082F8B0 /* Date.swift in Sources */,
				11C8D23F2945BC150082F8B0 /* UIColor.swift in Sources */,
				11C8D24A2945BC620082F8B0 /* CView.swift in Sources */,
				11C8D27D29466BAF0082F8B0 /* PersonDTO.swift in Sources */,
				11C8D26A294608110082F8B0 /* Data.swift in Sources */,
				11C8D2492945BC620082F8B0 /* CButton.swift in Sources */,
				11C8D28C294689A20082F8B0 /* SignUpViewModel.swift in Sources */,
				11C8D2512945E6150082F8B0 /* Domain.swift in Sources */,
			);
			runOnlyForDeploymentPostprocessing = 0;
		};
/* End PBXSourcesBuildPhase section */

/* Begin PBXVariantGroup section */
		11C8D2232945B3810082F8B0 /* LaunchScreen.storyboard */ = {
			isa = PBXVariantGroup;
			children = (
				11C8D2242945B3810082F8B0 /* Base */,
			);
			name = LaunchScreen.storyboard;
			sourceTree = "<group>";
		};
/* End PBXVariantGroup section */

/* Begin XCBuildConfiguration section */
		11C8D2272945B3810082F8B0 /* Debug */ = {
			isa = XCBuildConfiguration;
			buildSettings = {
				ALWAYS_SEARCH_USER_PATHS = NO;
				CLANG_ANALYZER_NONNULL = YES;
				CLANG_ANALYZER_NUMBER_OBJECT_CONVERSION = YES_AGGRESSIVE;
				CLANG_CXX_LANGUAGE_STANDARD = "gnu++20";
				CLANG_ENABLE_MODULES = YES;
				CLANG_ENABLE_OBJC_ARC = YES;
				CLANG_ENABLE_OBJC_WEAK = YES;
				CLANG_WARN_BLOCK_CAPTURE_AUTORELEASING = YES;
				CLANG_WARN_BOOL_CONVERSION = YES;
				CLANG_WARN_COMMA = YES;
				CLANG_WARN_CONSTANT_CONVERSION = YES;
				CLANG_WARN_DEPRECATED_OBJC_IMPLEMENTATIONS = YES;
				CLANG_WARN_DIRECT_OBJC_ISA_USAGE = YES_ERROR;
				CLANG_WARN_DOCUMENTATION_COMMENTS = YES;
				CLANG_WARN_EMPTY_BODY = YES;
				CLANG_WARN_ENUM_CONVERSION = YES;
				CLANG_WARN_INFINITE_RECURSION = YES;
				CLANG_WARN_INT_CONVERSION = YES;
				CLANG_WARN_NON_LITERAL_NULL_CONVERSION = YES;
				CLANG_WARN_OBJC_IMPLICIT_RETAIN_SELF = YES;
				CLANG_WARN_OBJC_LITERAL_CONVERSION = YES;
				CLANG_WARN_OBJC_ROOT_CLASS = YES_ERROR;
				CLANG_WARN_QUOTED_INCLUDE_IN_FRAMEWORK_HEADER = YES;
				CLANG_WARN_RANGE_LOOP_ANALYSIS = YES;
				CLANG_WARN_STRICT_PROTOTYPES = YES;
				CLANG_WARN_SUSPICIOUS_MOVE = YES;
				CLANG_WARN_UNGUARDED_AVAILABILITY = YES_AGGRESSIVE;
				CLANG_WARN_UNREACHABLE_CODE = YES;
				CLANG_WARN__DUPLICATE_METHOD_MATCH = YES;
				COPY_PHASE_STRIP = NO;
				DEBUG_INFORMATION_FORMAT = dwarf;
				ENABLE_STRICT_OBJC_MSGSEND = YES;
				ENABLE_TESTABILITY = YES;
				GCC_C_LANGUAGE_STANDARD = gnu11;
				GCC_DYNAMIC_NO_PIC = NO;
				GCC_NO_COMMON_BLOCKS = YES;
				GCC_OPTIMIZATION_LEVEL = 0;
				GCC_PREPROCESSOR_DEFINITIONS = (
					"DEBUG=1",
					"$(inherited)",
				);
				GCC_WARN_64_TO_32_BIT_CONVERSION = YES;
				GCC_WARN_ABOUT_RETURN_TYPE = YES_ERROR;
				GCC_WARN_UNDECLARED_SELECTOR = YES;
				GCC_WARN_UNINITIALIZED_AUTOS = YES_AGGRESSIVE;
				GCC_WARN_UNUSED_FUNCTION = YES;
				GCC_WARN_UNUSED_VARIABLE = YES;
				IPHONEOS_DEPLOYMENT_TARGET = 16.1;
				MTL_ENABLE_DEBUG_INFO = INCLUDE_SOURCE;
				MTL_FAST_MATH = YES;
				ONLY_ACTIVE_ARCH = YES;
				SDKROOT = iphoneos;
				SWIFT_ACTIVE_COMPILATION_CONDITIONS = DEBUG;
				SWIFT_OPTIMIZATION_LEVEL = "-Onone";
			};
			name = Debug;
		};
		11C8D2282945B3810082F8B0 /* Release */ = {
			isa = XCBuildConfiguration;
			buildSettings = {
				ALWAYS_SEARCH_USER_PATHS = NO;
				CLANG_ANALYZER_NONNULL = YES;
				CLANG_ANALYZER_NUMBER_OBJECT_CONVERSION = YES_AGGRESSIVE;
				CLANG_CXX_LANGUAGE_STANDARD = "gnu++20";
				CLANG_ENABLE_MODULES = YES;
				CLANG_ENABLE_OBJC_ARC = YES;
				CLANG_ENABLE_OBJC_WEAK = YES;
				CLANG_WARN_BLOCK_CAPTURE_AUTORELEASING = YES;
				CLANG_WARN_BOOL_CONVERSION = YES;
				CLANG_WARN_COMMA = YES;
				CLANG_WARN_CONSTANT_CONVERSION = YES;
				CLANG_WARN_DEPRECATED_OBJC_IMPLEMENTATIONS = YES;
				CLANG_WARN_DIRECT_OBJC_ISA_USAGE = YES_ERROR;
				CLANG_WARN_DOCUMENTATION_COMMENTS = YES;
				CLANG_WARN_EMPTY_BODY = YES;
				CLANG_WARN_ENUM_CONVERSION = YES;
				CLANG_WARN_INFINITE_RECURSION = YES;
				CLANG_WARN_INT_CONVERSION = YES;
				CLANG_WARN_NON_LITERAL_NULL_CONVERSION = YES;
				CLANG_WARN_OBJC_IMPLICIT_RETAIN_SELF = YES;
				CLANG_WARN_OBJC_LITERAL_CONVERSION = YES;
				CLANG_WARN_OBJC_ROOT_CLASS = YES_ERROR;
				CLANG_WARN_QUOTED_INCLUDE_IN_FRAMEWORK_HEADER = YES;
				CLANG_WARN_RANGE_LOOP_ANALYSIS = YES;
				CLANG_WARN_STRICT_PROTOTYPES = YES;
				CLANG_WARN_SUSPICIOUS_MOVE = YES;
				CLANG_WARN_UNGUARDED_AVAILABILITY = YES_AGGRESSIVE;
				CLANG_WARN_UNREACHABLE_CODE = YES;
				CLANG_WARN__DUPLICATE_METHOD_MATCH = YES;
				COPY_PHASE_STRIP = NO;
				DEBUG_INFORMATION_FORMAT = "dwarf-with-dsym";
				ENABLE_NS_ASSERTIONS = NO;
				ENABLE_STRICT_OBJC_MSGSEND = YES;
				GCC_C_LANGUAGE_STANDARD = gnu11;
				GCC_NO_COMMON_BLOCKS = YES;
				GCC_WARN_64_TO_32_BIT_CONVERSION = YES;
				GCC_WARN_ABOUT_RETURN_TYPE = YES_ERROR;
				GCC_WARN_UNDECLARED_SELECTOR = YES;
				GCC_WARN_UNINITIALIZED_AUTOS = YES_AGGRESSIVE;
				GCC_WARN_UNUSED_FUNCTION = YES;
				GCC_WARN_UNUSED_VARIABLE = YES;
				IPHONEOS_DEPLOYMENT_TARGET = 16.1;
				MTL_ENABLE_DEBUG_INFO = NO;
				MTL_FAST_MATH = YES;
				SDKROOT = iphoneos;
				SWIFT_COMPILATION_MODE = wholemodule;
				SWIFT_OPTIMIZATION_LEVEL = "-O";
				VALIDATE_PRODUCT = YES;
			};
			name = Release;
		};
		11C8D22A2945B3810082F8B0 /* Debug */ = {
			isa = XCBuildConfiguration;
			buildSettings = {
				ASSETCATALOG_COMPILER_APPICON_NAME = AppIcon;
				ASSETCATALOG_COMPILER_GLOBAL_ACCENT_COLOR_NAME = AccentColor;
				CODE_SIGN_STYLE = Automatic;
				CURRENT_PROJECT_VERSION = 1;
				DEVELOPMENT_TEAM = 4DN3REULM3;
				GENERATE_INFOPLIST_FILE = YES;
				INFOPLIST_FILE = Ampada/Info.plist;
				INFOPLIST_KEY_UIApplicationSupportsIndirectInputEvents = YES;
				INFOPLIST_KEY_UILaunchStoryboardName = LaunchScreen;
				INFOPLIST_KEY_UIMainStoryboardFile = "";
				INFOPLIST_KEY_UISupportedInterfaceOrientations_iPad = "UIInterfaceOrientationPortrait UIInterfaceOrientationPortraitUpsideDown UIInterfaceOrientationLandscapeLeft UIInterfaceOrientationLandscapeRight";
				INFOPLIST_KEY_UISupportedInterfaceOrientations_iPhone = "UIInterfaceOrientationPortrait UIInterfaceOrientationLandscapeLeft UIInterfaceOrientationLandscapeRight";
				LD_RUNPATH_SEARCH_PATHS = (
					"$(inherited)",
					"@executable_path/Frameworks",
				);
				MARKETING_VERSION = 1.0;
				PRODUCT_BUNDLE_IDENTIFIER = com.mahdi.ampada.Ampada;
				PRODUCT_NAME = "$(TARGET_NAME)";
				SWIFT_EMIT_LOC_STRINGS = YES;
				SWIFT_VERSION = 5.0;
				TARGETED_DEVICE_FAMILY = "1,2";
			};
			name = Debug;
		};
		11C8D22B2945B3810082F8B0 /* Release */ = {
			isa = XCBuildConfiguration;
			buildSettings = {
				ASSETCATALOG_COMPILER_APPICON_NAME = AppIcon;
				ASSETCATALOG_COMPILER_GLOBAL_ACCENT_COLOR_NAME = AccentColor;
				CODE_SIGN_STYLE = Automatic;
				CURRENT_PROJECT_VERSION = 1;
				DEVELOPMENT_TEAM = 4DN3REULM3;
				GENERATE_INFOPLIST_FILE = YES;
				INFOPLIST_FILE = Ampada/Info.plist;
				INFOPLIST_KEY_UIApplicationSupportsIndirectInputEvents = YES;
				INFOPLIST_KEY_UILaunchStoryboardName = LaunchScreen;
				INFOPLIST_KEY_UIMainStoryboardFile = "";
				INFOPLIST_KEY_UISupportedInterfaceOrientations_iPad = "UIInterfaceOrientationPortrait UIInterfaceOrientationPortraitUpsideDown UIInterfaceOrientationLandscapeLeft UIInterfaceOrientationLandscapeRight";
				INFOPLIST_KEY_UISupportedInterfaceOrientations_iPhone = "UIInterfaceOrientationPortrait UIInterfaceOrientationLandscapeLeft UIInterfaceOrientationLandscapeRight";
				LD_RUNPATH_SEARCH_PATHS = (
					"$(inherited)",
					"@executable_path/Frameworks",
				);
				MARKETING_VERSION = 1.0;
				PRODUCT_BUNDLE_IDENTIFIER = com.mahdi.ampada.Ampada;
				PRODUCT_NAME = "$(TARGET_NAME)";
				SWIFT_EMIT_LOC_STRINGS = YES;
				SWIFT_VERSION = 5.0;
				TARGETED_DEVICE_FAMILY = "1,2";
			};
			name = Release;
		};
/* End XCBuildConfiguration section */

/* Begin XCConfigurationList section */
		11C8D2102945B37E0082F8B0 /* Build configuration list for PBXProject "Ampada" */ = {
			isa = XCConfigurationList;
			buildConfigurations = (
				11C8D2272945B3810082F8B0 /* Debug */,
				11C8D2282945B3810082F8B0 /* Release */,
			);
			defaultConfigurationIsVisible = 0;
			defaultConfigurationName = Release;
		};
		11C8D2292945B3810082F8B0 /* Build configuration list for PBXNativeTarget "Ampada" */ = {
			isa = XCConfigurationList;
			buildConfigurations = (
				11C8D22A2945B3810082F8B0 /* Debug */,
				11C8D22B2945B3810082F8B0 /* Release */,
			);
			defaultConfigurationIsVisible = 0;
			defaultConfigurationName = Release;
		};
/* End XCConfigurationList section */

/* Begin XCRemoteSwiftPackageReference section */
		11C8D25E2945F5160082F8B0 /* XCRemoteSwiftPackageReference "Alamofire" */ = {
			isa = XCRemoteSwiftPackageReference;
			repositoryURL = "https://github.com/Alamofire/Alamofire";
			requirement = {
				kind = upToNextMajorVersion;
				minimumVersion = 5.6.1;
			};
		};
/* End XCRemoteSwiftPackageReference section */

/* Begin XCSwiftPackageProductDependency section */
		11C8D25F2945F5160082F8B0 /* Alamofire */ = {
			isa = XCSwiftPackageProductDependency;
			package = 11C8D25E2945F5160082F8B0 /* XCRemoteSwiftPackageReference "Alamofire" */;
			productName = Alamofire;
		};
/* End XCSwiftPackageProductDependency section */
	};
	rootObject = 11C8D20D2945B37E0082F8B0 /* Project object */;
}
